
Microsoft Visual Studio Solution File, Format Version 12.00
# Visual Studio Version 17
VisualStudioVersion = 17.6.33829.357
MinimumVisualStudioVersion = 10.0.40219.1
Project("{FAE04EC0-301F-11D3-BF4B-00C04F79EFBC}") = "BooksStore", "BooksStore\BooksStore.csproj", "{A5C60E9E-AED5-4549-88C7-85E414469EBC}"
EndProject
Global
	GlobalSection(SolutionConfigurationPlatforms) = preSolution
		Debug|Any CPU = Debug|Any CPU
		Release|Any CPU = Release|Any CPU
	EndGlobalSection
	GlobalSection(ProjectConfigurationPlatforms) = postSolution
		{A5C60E9E-AED5-4549-88C7-85E414469EBC}.Debug|Any CPU.ActiveCfg = Debug|Any CPU
		{A5C60E9E-AED5-4549-88C7-85E414469EBC}.Debug|Any CPU.Build.0 = Debug|Any CPU
		{A5C60E9E-AED5-4549-88C7-85E414469EBC}.Release|Any CPU.ActiveCfg = Release|Any CPU
		{A5C60E9E-AED5-4549-88C7-85E414469EBC}.Release|Any CPU.Build.0 = Release|Any CPU
	EndGlobalSection
	GlobalSection(SolutionProperties) = preSolution
		HideSolutionNode = FALSE
	EndGlobalSection
	GlobalSection(ExtensibilityGlobals) = postSolution
		SolutionGuid = {4D08ECAB-DB17-42E5-A299-8355B920E1D5}
	EndGlobalSection
EndGlobal
