
Microsoft Visual Studio Solution File, Format Version 12.00
# Visual Studio Version 17
VisualStudioVersion = 17.6.33829.357
MinimumVisualStudioVersion = 10.0.40219.1
Project("{9A19103F-16F7-4668-BE54-9A1E7A4F7556}") = "BooksStore", "BooksStore\BooksStore.csproj", "{A5C60E9E-AED5-4549-88C7-85E414469EBC}"
EndProject
Project("{9A19103F-16F7-4668-BE54-9A1E7A4F7556}") = "BooksStore.Blazor.Components", "BooksStore.Blazor.Components\BooksStore.Blazor.Components.csproj", "{DFBC266F-16BC-4CD3-9112-5F72E2FDD6EA}"
EndProject
Global
	GlobalSection(SolutionConfigurationPlatforms) = preSolution
		Debug|Any CPU = Debug|Any CPU
		Release|Any CPU = Release|Any CPU
	EndGlobalSection
	GlobalSection(ProjectConfigurationPlatforms) = postSolution
		{A5C60E9E-AED5-4549-88C7-85E414469EBC}.Debug|Any CPU.ActiveCfg = Debug|Any CPU
		{A5C60E9E-AED5-4549-88C7-85E414469EBC}.Debug|Any CPU.Build.0 = Debug|Any CPU
		{A5C60E9E-AED5-4549-88C7-85E414469EBC}.Release|Any CPU.ActiveCfg = Release|Any CPU
		{A5C60E9E-AED5-4549-88C7-85E414469EBC}.Release|Any CPU.Build.0 = Release|Any CPU
		{DFBC266F-16BC-4CD3-9112-5F72E2FDD6EA}.Debug|Any CPU.ActiveCfg = Debug|Any CPU
		{DFBC266F-16BC-4CD3-9112-5F72E2FDD6EA}.Debug|Any CPU.Build.0 = Debug|Any CPU
		{DFBC266F-16BC-4CD3-9112-5F72E2FDD6EA}.Release|Any CPU.ActiveCfg = Release|Any CPU
		{DFBC266F-16BC-4CD3-9112-5F72E2FDD6EA}.Release|Any CPU.Build.0 = Release|Any CPU
	EndGlobalSection
	GlobalSection(SolutionProperties) = preSolution
		HideSolutionNode = FALSE
	EndGlobalSection
	GlobalSection(ExtensibilityGlobals) = postSolution
		SolutionGuid = {4D08ECAB-DB17-42E5-A299-8355B920E1D5}
	EndGlobalSection
EndGlobal
